{
    "_meta": {
        "hash": {
            "sha256": "e031c6391419a074c2143c3b8880a6bcc4f37180fb35a56b84198a62d2be2088"
        },
        "pipfile-spec": 6,
        "requires": {
            "python_version": "3.13"
        },
        "sources": [
            {
                "name": "pypi",
                "url": "https://pypi.org/simple",
                "verify_ssl": true
            }
        ]
    },
    "default": {
        "cowsay": {
            "hashes": [
                "sha256:274b1e6fc1b966d53976333eb90ac94cb07a450a700b455af9fbdf882244b30a"
            ],
            "index": "pypi",
            "markers": "python_version >= '3.8'",
            "version": "==6.1"
        },
        "python-cowsay": {
            "hashes": [
                "sha256:e2700075e3814dd3d3da40d678f04abfc7916dc8c4ea289449b5d91481061988",
                "sha256:f0da51568721cf4a921171e825896489b0b304d7843e1ef51c89c8c52994f1d2"
            ],
            "index": "pypi",
            "markers": "python_version >= '3.8'",
            "version": "==1.2.2"
        }
    },
    "develop": {}
}
